
Microsoft Visual Studio Solution File, Format Version 11.00
# Visual Studio 2010
Project("{FAE04EC0-301F-11D3-BF4B-00C04F79EFBC}") = "Assembly-CSharp", "Assembly-CSharp.csproj", "{D31351BF-8C8C-1B12-E85F-1A0FA9712DAA}"
EndProject
Global
	GlobalSection(SolutionConfigurationPlatforms) = preSolution
		Debug|Any CPU = Debug|Any CPU
		Release|Any CPU = Release|Any CPU
	EndGlobalSection
	GlobalSection(ProjectConfigurationPlatforms) = postSolution
		{D31351BF-8C8C-1B12-E85F-1A0FA9712DAA}.Debug|Any CPU.ActiveCfg = Debug|Any CPU
		{D31351BF-8C8C-1B12-E85F-1A0FA9712DAA}.Debug|Any CPU.Build.0 = Debug|Any CPU
		{D31351BF-8C8C-1B12-E85F-1A0FA9712DAA}.Release|Any CPU.ActiveCfg = Release|Any CPU
		{D31351BF-8C8C-1B12-E85F-1A0FA9712DAA}.Release|Any CPU.Build.0 = Release|Any CPU
	EndGlobalSection
	GlobalSection(SolutionProperties) = preSolution
		HideSolutionNode = FALSE
	EndGlobalSection
EndGlobal
